actshad.dev/logr v1.1.0 h1:Jy33XWfE8R6qstv8WA0HRgxHI4lYtOjWs3bk261yPmU=
actshad.dev/logr v1.1.0/go.mod h1:MEEDNhsDghsnfr9JmKBHtM0rxwzkEOpd8/iYpdgjzUM=
github.com/go-logr/logr v0.1.0 h1:M1Tv3VzNlEHg6uyACnRdtrploV2P7wZqH8BoQMtz0cg=
github.com/go-logr/logr v0.1.0/go.mod h1:ixOQHD9gLJUVQQ2ZOR7zLEifBX6tGkNJF4QyIY7sIas=
